
Microsoft Visual Studio Solution File, Format Version 12.00
# Visual Studio Version 17
VisualStudioVersion = 17.4.33103.184
MinimumVisualStudioVersion = 10.0.40219.1
Project("{9A19103F-16F7-4668-BE54-9A1E7A4F7556}") = "StudentList", "StudentList\StudentList.csproj", "{2449F6DA-DBE3-4F38-A0B8-B354DEFF42B9}"
EndProject
Project("{9A19103F-16F7-4668-BE54-9A1E7A4F7556}") = "StudentList.UnitTests", "StudentList.UnitTests\StudentList.UnitTests.csproj", "{9ABCCD8C-BE33-46FC-AF3B-F6FAFEAE675F}"
EndProject
Global
	GlobalSection(SolutionConfigurationPlatforms) = preSolution
		Debug|Any CPU = Debug|Any CPU
		Release|Any CPU = Release|Any CPU
	EndGlobalSection
	GlobalSection(ProjectConfigurationPlatforms) = postSolution
		{2449F6DA-DBE3-4F38-A0B8-B354DEFF42B9}.Debug|Any CPU.ActiveCfg = Debug|Any CPU
		{2449F6DA-DBE3-4F38-A0B8-B354DEFF42B9}.Debug|Any CPU.Build.0 = Debug|Any CPU
		{2449F6DA-DBE3-4F38-A0B8-B354DEFF42B9}.Release|Any CPU.ActiveCfg = Release|Any CPU
		{2449F6DA-DBE3-4F38-A0B8-B354DEFF42B9}.Release|Any CPU.Build.0 = Release|Any CPU
		{9ABCCD8C-BE33-46FC-AF3B-F6FAFEAE675F}.Debug|Any CPU.ActiveCfg = Debug|Any CPU
		{9ABCCD8C-BE33-46FC-AF3B-F6FAFEAE675F}.Debug|Any CPU.Build.0 = Debug|Any CPU
		{9ABCCD8C-BE33-46FC-AF3B-F6FAFEAE675F}.Release|Any CPU.ActiveCfg = Release|Any CPU
		{9ABCCD8C-BE33-46FC-AF3B-F6FAFEAE675F}.Release|Any CPU.Build.0 = Release|Any CPU
	EndGlobalSection
	GlobalSection(SolutionProperties) = preSolution
		HideSolutionNode = FALSE
	EndGlobalSection
	GlobalSection(ExtensibilityGlobals) = postSolution
		SolutionGuid = {27036EC8-A5C3-40BD-8553-A672199571BB}
	EndGlobalSection
EndGlobal
